// !$*UTF8*$!
{
	archiveVersion = 1;
	classes = {
	};
	objectVersion = 50;
	objects = {

/* Begin PBXBuildFile section */
		928C082BCE91666FAFA9552F /* Pods_KermitSampleMacOS.framework in Frameworks */ = {isa = PBXBuildFile; fileRef = C624040BDD4E2FCCAF73C623 /* Pods_KermitSampleMacOS.framework */; };
		F1F1AF7424534B5A008A8274 /* AppDelegate.swift in Sources */ = {isa = PBXBuildFile; fileRef = F1F1AF7324534B5A008A8274 /* AppDelegate.swift */; };
		F1F1AF7624534B5A008A8274 /* ViewController.swift in Sources */ = {isa = PBXBuildFile; fileRef = F1F1AF7524534B5A008A8274 /* ViewController.swift */; };
		F1F1AF7824534B5D008A8274 /* Assets.xcassets in Resources */ = {isa = PBXBuildFile; fileRef = F1F1AF7724534B5D008A8274 /* Assets.xcassets */; };
		F1F1AF7B24534B5D008A8274 /* Main.storyboard in Resources */ = {isa = PBXBuildFile; fileRef = F1F1AF7924534B5D008A8274 /* Main.storyboard */; };
		F1F1AF8724534B5D008A8274 /* KermitSampleMacOSTests.swift in Sources */ = {isa = PBXBuildFile; fileRef = F1F1AF8624534B5D008A8274 /* KermitSampleMacOSTests.swift */; };
		F1F1AF9224534B5D008A8274 /* KermitSampleMacOSUITests.swift in Sources */ = {isa = PBXBuildFile; fileRef = F1F1AF9124534B5D008A8274 /* KermitSampleMacOSUITests.swift */; };
/* End PBXBuildFile section */

/* Begin PBXContainerItemProxy section */
		F1F1AF8324534B5D008A8274 /* PBXContainerItemProxy */ = {
			isa = PBXContainerItemProxy;
			containerPortal = F1F1AF6824534B59008A8274 /* Project object */;
			proxyType = 1;
			remoteGlobalIDString = F1F1AF6F24534B5A008A8274;
			remoteInfo = KermitSampleMacOS;
		};
		F1F1AF8E24534B5D008A8274 /* PBXContainerItemProxy */ = {
			isa = PBXContainerItemProxy;
			containerPortal = F1F1AF6824534B59008A8274 /* Project object */;
			proxyType = 1;
			remoteGlobalIDString = F1F1AF6F24534B5A008A8274;
			remoteInfo = KermitSampleMacOS;
		};
/* End PBXContainerItemProxy section */

/* Begin PBXFileReference section */
		43D10211DC79CEE35C7E5CE6 /* Pods-KermitSampleMacOS.release.xcconfig */ = {isa = PBXFileReference; includeInIndex = 1; lastKnownFileType = text.xcconfig; name = "Pods-KermitSampleMacOS.release.xcconfig"; path = "Target Support Files/Pods-KermitSampleMacOS/Pods-KermitSampleMacOS.release.xcconfig"; sourceTree = "<group>"; };
		7961D10C026F4D4AB03C1379 /* Pods-KermitSampleMacOS.debug.xcconfig */ = {isa = PBXFileReference; includeInIndex = 1; lastKnownFileType = text.xcconfig; name = "Pods-KermitSampleMacOS.debug.xcconfig"; path = "Target Support Files/Pods-KermitSampleMacOS/Pods-KermitSampleMacOS.debug.xcconfig"; sourceTree = "<group>"; };
		C624040BDD4E2FCCAF73C623 /* Pods_KermitSampleMacOS.framework */ = {isa = PBXFileReference; explicitFileType = wrapper.framework; includeInIndex = 0; path = Pods_KermitSampleMacOS.framework; sourceTree = BUILT_PRODUCTS_DIR; };
		F1F1AF7024534B5A008A8274 /* KermitSampleMacOS.app */ = {isa = PBXFileReference; explicitFileType = wrapper.application; includeInIndex = 0; path = KermitSampleMacOS.app; sourceTree = BUILT_PRODUCTS_DIR; };
		F1F1AF7324534B5A008A8274 /* AppDelegate.swift */ = {isa = PBXFileReference; lastKnownFileType = sourcecode.swift; path = AppDelegate.swift; sourceTree = "<group>"; };
		F1F1AF7524534B5A008A8274 /* ViewController.swift */ = {isa = PBXFileReference; lastKnownFileType = sourcecode.swift; path = ViewController.swift; sourceTree = "<group>"; };
		F1F1AF7724534B5D008A8274 /* Assets.xcassets */ = {isa = PBXFileReference; lastKnownFileType = folder.assetcatalog; path = Assets.xcassets; sourceTree = "<group>"; };
		F1F1AF7A24534B5D008A8274 /* Base */ = {isa = PBXFileReference; lastKnownFileType = file.storyboard; name = Base; path = Base.lproj/Main.storyboard; sourceTree = "<group>"; };
		F1F1AF7C24534B5D008A8274 /* Info.plist */ = {isa = PBXFileReference; lastKnownFileType = text.plist.xml; path = Info.plist; sourceTree = "<group>"; };
		F1F1AF7D24534B5D008A8274 /* KermitSampleMacOS.entitlements */ = {isa = PBXFileReference; lastKnownFileType = text.plist.entitlements; path = KermitSampleMacOS.entitlements; sourceTree = "<group>"; };
		F1F1AF8224534B5D008A8274 /* KermitSampleMacOSTests.xctest */ = {isa = PBXFileReference; explicitFileType = wrapper.cfbundle; includeInIndex = 0; path = KermitSampleMacOSTests.xctest; sourceTree = BUILT_PRODUCTS_DIR; };
		F1F1AF8624534B5D008A8274 /* KermitSampleMacOSTests.swift */ = {isa = PBXFileReference; lastKnownFileType = sourcecode.swift; path = KermitSampleMacOSTests.swift; sourceTree = "<group>"; };
		F1F1AF8824534B5D008A8274 /* Info.plist */ = {isa = PBXFileReference; lastKnownFileType = text.plist.xml; path = Info.plist; sourceTree = "<group>"; };
		F1F1AF8D24534B5D008A8274 /* KermitSampleMacOSUITests.xctest */ = {isa = PBXFileReference; explicitFileType = wrapper.cfbundle; includeInIndex = 0; path = KermitSampleMacOSUITests.xctest; sourceTree = BUILT_PRODUCTS_DIR; };
		F1F1AF9124534B5D008A8274 /* KermitSampleMacOSUITests.swift */ = {isa = PBXFileReference; lastKnownFileType = sourcecode.swift; path = KermitSampleMacOSUITests.swift; sourceTree = "<group>"; };
		F1F1AF9324534B5D008A8274 /* Info.plist */ = {isa = PBXFileReference; lastKnownFileType = text.plist.xml; path = Info.plist; sourceTree = "<group>"; };
/* End PBXFileReference section */

/* Begin PBXFrameworksBuildPhase section */
		F1F1AF6D24534B5A008A8274 /* Frameworks */ = {
			isa = PBXFrameworksBuildPhase;
			buildActionMask = 2147483647;
			files = (
				928C082BCE91666FAFA9552F /* Pods_KermitSampleMacOS.framework in Frameworks */,
			);
			runOnlyForDeploymentPostprocessing = 0;
		};
		F1F1AF7F24534B5D008A8274 /* Frameworks */ = {
			isa = PBXFrameworksBuildPhase;
			buildActionMask = 2147483647;
			files = (
			);
			runOnlyForDeploymentPostprocessing = 0;
		};
		F1F1AF8A24534B5D008A8274 /* Frameworks */ = {
			isa = PBXFrameworksBuildPhase;
			buildActionMask = 2147483647;
			files = (
			);
			runOnlyForDeploymentPostprocessing = 0;
		};
/* End PBXFrameworksBuildPhase section */

/* Begin PBXGroup section */
		6CC1C615D79D81636B035091 /* Frameworks */ = {
			isa = PBXGroup;
			children = (
				C624040BDD4E2FCCAF73C623 /* Pods_KermitSampleMacOS.framework */,
			);
			name = Frameworks;
			sourceTree = "<group>";
		};
		D729550306F1E9CA573AF0DD /* Pods */ = {
			isa = PBXGroup;
			children = (
				7961D10C026F4D4AB03C1379 /* Pods-KermitSampleMacOS.debug.xcconfig */,
				43D10211DC79CEE35C7E5CE6 /* Pods-KermitSampleMacOS.release.xcconfig */,
			);
			name = Pods;
			path = Pods;
			sourceTree = "<group>";
		};
		F1F1AF6724534B59008A8274 = {
			isa = PBXGroup;
			children = (
				F1F1AF7224534B5A008A8274 /* KermitSampleMacOS */,
				F1F1AF8524534B5D008A8274 /* KermitSampleMacOSTests */,
				F1F1AF9024534B5D008A8274 /* KermitSampleMacOSUITests */,
				F1F1AF7124534B5A008A8274 /* Products */,
				D729550306F1E9CA573AF0DD /* Pods */,
				6CC1C615D79D81636B035091 /* Frameworks */,
			);
			sourceTree = "<group>";
		};
		F1F1AF7124534B5A008A8274 /* Products */ = {
			isa = PBXGroup;
			children = (
				F1F1AF7024534B5A008A8274 /* KermitSampleMacOS.app */,
				F1F1AF8224534B5D008A8274 /* KermitSampleMacOSTests.xctest */,
				F1F1AF8D24534B5D008A8274 /* KermitSampleMacOSUITests.xctest */,
			);
			name = Products;
			sourceTree = "<group>";
		};
		F1F1AF7224534B5A008A8274 /* KermitSampleMacOS */ = {
			isa = PBXGroup;
			children = (
				F1F1AF7324534B5A008A8274 /* AppDelegate.swift */,
				F1F1AF7524534B5A008A8274 /* ViewController.swift */,
				F1F1AF7724534B5D008A8274 /* Assets.xcassets */,
				F1F1AF7924534B5D008A8274 /* Main.storyboard */,
				F1F1AF7C24534B5D008A8274 /* Info.plist */,
				F1F1AF7D24534B5D008A8274 /* KermitSampleMacOS.entitlements */,
			);
			path = KermitSampleMacOS;
			sourceTree = "<group>";
		};
		F1F1AF8524534B5D008A8274 /* KermitSampleMacOSTests */ = {
			isa = PBXGroup;
			children = (
				F1F1AF8624534B5D008A8274 /* KermitSampleMacOSTests.swift */,
				F1F1AF8824534B5D008A8274 /* Info.plist */,
			);
			path = KermitSampleMacOSTests;
			sourceTree = "<group>";
		};
		F1F1AF9024534B5D008A8274 /* KermitSampleMacOSUITests */ = {
			isa = PBXGroup;
			children = (
				F1F1AF9124534B5D008A8274 /* KermitSampleMacOSUITests.swift */,
				F1F1AF9324534B5D008A8274 /* Info.plist */,
			);
			path = KermitSampleMacOSUITests;
			sourceTree = "<group>";
		};
/* End PBXGroup section */

/* Begin PBXNativeTarget section */
		F1F1AF6F24534B5A008A8274 /* KermitSampleMacOS */ = {
			isa = PBXNativeTarget;
			buildConfigurationList = F1F1AF9624534B5D008A8274 /* Build configuration list for PBXNativeTarget "KermitSampleMacOS" */;
			buildPhases = (
				AFC677F439DD9B2E209B1B57 /* [CP] Check Pods Manifest.lock */,
				F1F1AF6C24534B5A008A8274 /* Sources */,
				F1F1AF6D24534B5A008A8274 /* Frameworks */,
				F1F1AF6E24534B5A008A8274 /* Resources */,
			);
			buildRules = (
			);
			dependencies = (
			);
			name = KermitSampleMacOS;
			productName = KermitSampleMacOS;
			productReference = F1F1AF7024534B5A008A8274 /* KermitSampleMacOS.app */;
			productType = "com.apple.product-type.application";
		};
		F1F1AF8124534B5D008A8274 /* KermitSampleMacOSTests */ = {
			isa = PBXNativeTarget;
			buildConfigurationList = F1F1AF9924534B5D008A8274 /* Build configuration list for PBXNativeTarget "KermitSampleMacOSTests" */;
			buildPhases = (
				F1F1AF7E24534B5D008A8274 /* Sources */,
				F1F1AF7F24534B5D008A8274 /* Frameworks */,
				F1F1AF8024534B5D008A8274 /* Resources */,
			);
			buildRules = (
			);
			dependencies = (
				F1F1AF8424534B5D008A8274 /* PBXTargetDependency */,
			);
			name = KermitSampleMacOSTests;
			productName = KermitSampleMacOSTests;
			productReference = F1F1AF8224534B5D008A8274 /* KermitSampleMacOSTests.xctest */;
			productType = "com.apple.product-type.bundle.unit-test";
		};
		F1F1AF8C24534B5D008A8274 /* KermitSampleMacOSUITests */ = {
			isa = PBXNativeTarget;
			buildConfigurationList = F1F1AF9C24534B5D008A8274 /* Build configuration list for PBXNativeTarget "KermitSampleMacOSUITests" */;
			buildPhases = (
				F1F1AF8924534B5D008A8274 /* Sources */,
				F1F1AF8A24534B5D008A8274 /* Frameworks */,
				F1F1AF8B24534B5D008A8274 /* Resources */,
			);
			buildRules = (
			);
			dependencies = (
				F1F1AF8F24534B5D008A8274 /* PBXTargetDependency */,
			);
			name = KermitSampleMacOSUITests;
			productName = KermitSampleMacOSUITests;
			productReference = F1F1AF8D24534B5D008A8274 /* KermitSampleMacOSUITests.xctest */;
			productType = "com.apple.product-type.bundle.ui-testing";
		};
/* End PBXNativeTarget section */

/* Begin PBXProject section */
		F1F1AF6824534B59008A8274 /* Project object */ = {
			isa = PBXProject;
			attributes = {
				LastSwiftUpdateCheck = 1130;
				LastUpgradeCheck = 1130;
				ORGANIZATIONNAME = Touchlab;
				TargetAttributes = {
					F1F1AF6F24534B5A008A8274 = {
						CreatedOnToolsVersion = 11.3.1;
					};
					F1F1AF8124534B5D008A8274 = {
						CreatedOnToolsVersion = 11.3.1;
						TestTargetID = F1F1AF6F24534B5A008A8274;
					};
					F1F1AF8C24534B5D008A8274 = {
						CreatedOnToolsVersion = 11.3.1;
						TestTargetID = F1F1AF6F24534B5A008A8274;
					};
				};
			};
			buildConfigurationList = F1F1AF6B24534B59008A8274 /* Build configuration list for PBXProject "KermitSampleMacOS" */;
			compatibilityVersion = "Xcode 9.3";
			developmentRegion = en;
			hasScannedForEncodings = 0;
			knownRegions = (
				en,
				Base,
			);
			mainGroup = F1F1AF6724534B59008A8274;
			productRefGroup = F1F1AF7124534B5A008A8274 /* Products */;
			projectDirPath = "";
			projectRoot = "";
			targets = (
				F1F1AF6F24534B5A008A8274 /* KermitSampleMacOS */,
				F1F1AF8124534B5D008A8274 /* KermitSampleMacOSTests */,
				F1F1AF8C24534B5D008A8274 /* KermitSampleMacOSUITests */,
			);
		};
/* End PBXProject section */

/* Begin PBXResourcesBuildPhase section */
		F1F1AF6E24534B5A008A8274 /* Resources */ = {
			isa = PBXResourcesBuildPhase;
			buildActionMask = 2147483647;
			files = (
				F1F1AF7824534B5D008A8274 /* Assets.xcassets in Resources */,
				F1F1AF7B24534B5D008A8274 /* Main.storyboard in Resources */,
			);
			runOnlyForDeploymentPostprocessing = 0;
		};
		F1F1AF8024534B5D008A8274 /* Resources */ = {
			isa = PBXResourcesBuildPhase;
			buildActionMask = 2147483647;
			files = (
			);
			runOnlyForDeploymentPostprocessing = 0;
		};
		F1F1AF8B24534B5D008A8274 /* Resources */ = {
			isa = PBXResourcesBuildPhase;
			buildActionMask = 2147483647;
			files = (
			);
			runOnlyForDeploymentPostprocessing = 0;
		};
/* End PBXResourcesBuildPhase section */

/* Begin PBXShellScriptBuildPhase section */
		AFC677F439DD9B2E209B1B57 /* [CP] Check Pods Manifest.lock */ = {
			isa = PBXShellScriptBuildPhase;
			buildActionMask = 2147483647;
			files = (
			);
			inputFileListPaths = (
			);
			inputPaths = (
				"${PODS_PODFILE_DIR_PATH}/Podfile.lock",
				"${PODS_ROOT}/Manifest.lock",
			);
			name = "[CP] Check Pods Manifest.lock";
			outputFileListPaths = (
			);
			outputPaths = (
				"$(DERIVED_FILE_DIR)/Pods-KermitSampleMacOS-checkManifestLockResult.txt",
			);
			runOnlyForDeploymentPostprocessing = 0;
			shellPath = /bin/sh;
			shellScript = "diff \"${PODS_PODFILE_DIR_PATH}/Podfile.lock\" \"${PODS_ROOT}/Manifest.lock\" > /dev/null\nif [ $? != 0 ] ; then\n    # print error to STDERR\n    echo \"error: The sandbox is not in sync with the Podfile.lock. Run 'pod install' or update your CocoaPods installation.\" >&2\n    exit 1\nfi\n# This output is used by Xcode 'outputs' to avoid re-running this script phase.\necho \"SUCCESS\" > \"${SCRIPT_OUTPUT_FILE_0}\"\n";
			showEnvVarsInLog = 0;
		};
/* End PBXShellScriptBuildPhase section */

/* Begin PBXSourcesBuildPhase section */
		F1F1AF6C24534B5A008A8274 /* Sources */ = {
			isa = PBXSourcesBuildPhase;
			buildActionMask = 2147483647;
			files = (
				F1F1AF7624534B5A008A8274 /* ViewController.swift in Sources */,
				F1F1AF7424534B5A008A8274 /* AppDelegate.swift in Sources */,
			);
			runOnlyForDeploymentPostprocessing = 0;
		};
		F1F1AF7E24534B5D008A8274 /* Sources */ = {
			isa = PBXSourcesBuildPhase;
			buildActionMask = 2147483647;
			files = (
				F1F1AF8724534B5D008A8274 /* KermitSampleMacOSTests.swift in Sources */,
			);
			runOnlyForDeploymentPostprocessing = 0;
		};
		F1F1AF8924534B5D008A8274 /* Sources */ = {
			isa = PBXSourcesBuildPhase;
			buildActionMask = 2147483647;
			files = (
				F1F1AF9224534B5D008A8274 /* KermitSampleMacOSUITests.swift in Sources */,
			);
			runOnlyForDeploymentPostprocessing = 0;
		};
/* End PBXSourcesBuildPhase section */

/* Begin PBXTargetDependency section */
		F1F1AF8424534B5D008A8274 /* PBXTargetDependency */ = {
			isa = PBXTargetDependency;
			target = F1F1AF6F24534B5A008A8274 /* KermitSampleMacOS */;
			targetProxy = F1F1AF8324534B5D008A8274 /* PBXContainerItemProxy */;
		};
		F1F1AF8F24534B5D008A8274 /* PBXTargetDependency */ = {
			isa = PBXTargetDependency;
			target = F1F1AF6F24534B5A008A8274 /* KermitSampleMacOS */;
			targetProxy = F1F1AF8E24534B5D008A8274 /* PBXContainerItemProxy */;
		};
/* End PBXTargetDependency section */

/* Begin PBXVariantGroup section */
		F1F1AF7924534B5D008A8274 /* Main.storyboard */ = {
			isa = PBXVariantGroup;
			children = (
				F1F1AF7A24534B5D008A8274 /* Base */,
			);
			name = Main.storyboard;
			sourceTree = "<group>";
		};
/* End PBXVariantGroup section */

/* Begin XCBuildConfiguration section */
		F1F1AF9424534B5D008A8274 /* Debug */ = {
			isa = XCBuildConfiguration;
			buildSettings = {
				ALWAYS_SEARCH_USER_PATHS = NO;
				CLANG_ANALYZER_NONNULL = YES;
				CLANG_ANALYZER_NUMBER_OBJECT_CONVERSION = YES_AGGRESSIVE;
				CLANG_CXX_LANGUAGE_STANDARD = "gnu++14";
				CLANG_CXX_LIBRARY = "libc++";
				CLANG_ENABLE_MODULES = YES;
				CLANG_ENABLE_OBJC_ARC = YES;
				CLANG_ENABLE_OBJC_WEAK = YES;
				CLANG_WARN_BLOCK_CAPTURE_AUTORELEASING = YES;
				CLANG_WARN_BOOL_CONVERSION = YES;
				CLANG_WARN_COMMA = YES;
				CLANG_WARN_CONSTANT_CONVERSION = YES;
				CLANG_WARN_DEPRECATED_OBJC_IMPLEMENTATIONS = YES;
				CLANG_WARN_DIRECT_OBJC_ISA_USAGE = YES_ERROR;
				CLANG_WARN_DOCUMENTATION_COMMENTS = YES;
				CLANG_WARN_EMPTY_BODY = YES;
				CLANG_WARN_ENUM_CONVERSION = YES;
				CLANG_WARN_INFINITE_RECURSION = YES;
				CLANG_WARN_INT_CONVERSION = YES;
				CLANG_WARN_NON_LITERAL_NULL_CONVERSION = YES;
				CLANG_WARN_OBJC_IMPLICIT_RETAIN_SELF = YES;
				CLANG_WARN_OBJC_LITERAL_CONVERSION = YES;
				CLANG_WARN_OBJC_ROOT_CLASS = YES_ERROR;
				CLANG_WARN_RANGE_LOOP_ANALYSIS = YES;
				CLANG_WARN_STRICT_PROTOTYPES = YES;
				CLANG_WARN_SUSPICIOUS_MOVE = YES;
				CLANG_WARN_UNGUARDED_AVAILABILITY = YES_AGGRESSIVE;
				CLANG_WARN_UNREACHABLE_CODE = YES;
				CLANG_WARN__DUPLICATE_METHOD_MATCH = YES;
				COPY_PHASE_STRIP = NO;
				DEBUG_INFORMATION_FORMAT = dwarf;
				ENABLE_STRICT_OBJC_MSGSEND = YES;
				ENABLE_TESTABILITY = YES;
				GCC_C_LANGUAGE_STANDARD = gnu11;
				GCC_DYNAMIC_NO_PIC = NO;
				GCC_NO_COMMON_BLOCKS = YES;
				GCC_OPTIMIZATION_LEVEL = 0;
				GCC_PREPROCESSOR_DEFINITIONS = (
					"DEBUG=1",
					"$(inherited)",
				);
				GCC_WARN_64_TO_32_BIT_CONVERSION = YES;
				GCC_WARN_ABOUT_RETURN_TYPE = YES_ERROR;
				GCC_WARN_UNDECLARED_SELECTOR = YES;
				GCC_WARN_UNINITIALIZED_AUTOS = YES_AGGRESSIVE;
				GCC_WARN_UNUSED_FUNCTION = YES;
				GCC_WARN_UNUSED_VARIABLE = YES;
				MACOSX_DEPLOYMENT_TARGET = 10.15;
				MTL_ENABLE_DEBUG_INFO = INCLUDE_SOURCE;
				MTL_FAST_MATH = YES;
				ONLY_ACTIVE_ARCH = YES;
				SDKROOT = macosx;
				SWIFT_ACTIVE_COMPILATION_CONDITIONS = DEBUG;
				SWIFT_OPTIMIZATION_LEVEL = "-Onone";
			};
			name = Debug;
		};
		F1F1AF9524534B5D008A8274 /* Release */ = {
			isa = XCBuildConfiguration;
			buildSettings = {
				ALWAYS_SEARCH_USER_PATHS = NO;
				CLANG_ANALYZER_NONNULL = YES;
				CLANG_ANALYZER_NUMBER_OBJECT_CONVERSION = YES_AGGRESSIVE;
				CLANG_CXX_LANGUAGE_STANDARD = "gnu++14";
				CLANG_CXX_LIBRARY = "libc++";
				CLANG_ENABLE_MODULES = YES;
				CLANG_ENABLE_OBJC_ARC = YES;
				CLANG_ENABLE_OBJC_WEAK = YES;
				CLANG_WARN_BLOCK_CAPTURE_AUTORELEASING = YES;
				CLANG_WARN_BOOL_CONVERSION = YES;
				CLANG_WARN_COMMA = YES;
				CLANG_WARN_CONSTANT_CONVERSION = YES;
				CLANG_WARN_DEPRECATED_OBJC_IMPLEMENTATIONS = YES;
				CLANG_WARN_DIRECT_OBJC_ISA_USAGE = YES_ERROR;
				CLANG_WARN_DOCUMENTATION_COMMENTS = YES;
				CLANG_WARN_EMPTY_BODY = YES;
				CLANG_WARN_ENUM_CONVERSION = YES;
				CLANG_WARN_INFINITE_RECURSION = YES;
				CLANG_WARN_INT_CONVERSION = YES;
				CLANG_WARN_NON_LITERAL_NULL_CONVERSION = YES;
				CLANG_WARN_OBJC_IMPLICIT_RETAIN_SELF = YES;
				CLANG_WARN_OBJC_LITERAL_CONVERSION = YES;
				CLANG_WARN_OBJC_ROOT_CLASS = YES_ERROR;
				CLANG_WARN_RANGE_LOOP_ANALYSIS = YES;
				CLANG_WARN_STRICT_PROTOTYPES = YES;
				CLANG_WARN_SUSPICIOUS_MOVE = YES;
				CLANG_WARN_UNGUARDED_AVAILABILITY = YES_AGGRESSIVE;
				CLANG_WARN_UNREACHABLE_CODE = YES;
				CLANG_WARN__DUPLICATE_METHOD_MATCH = YES;
				COPY_PHASE_STRIP = NO;
				DEBUG_INFORMATION_FORMAT = "dwarf-with-dsym";
				ENABLE_NS_ASSERTIONS = NO;
				ENABLE_STRICT_OBJC_MSGSEND = YES;
				GCC_C_LANGUAGE_STANDARD = gnu11;
				GCC_NO_COMMON_BLOCKS = YES;
				GCC_WARN_64_TO_32_BIT_CONVERSION = YES;
				GCC_WARN_ABOUT_RETURN_TYPE = YES_ERROR;
				GCC_WARN_UNDECLARED_SELECTOR = YES;
				GCC_WARN_UNINITIALIZED_AUTOS = YES_AGGRESSIVE;
				GCC_WARN_UNUSED_FUNCTION = YES;
				GCC_WARN_UNUSED_VARIABLE = YES;
				MACOSX_DEPLOYMENT_TARGET = 10.15;
				MTL_ENABLE_DEBUG_INFO = NO;
				MTL_FAST_MATH = YES;
				SDKROOT = macosx;
				SWIFT_COMPILATION_MODE = wholemodule;
				SWIFT_OPTIMIZATION_LEVEL = "-O";
			};
			name = Release;
		};
		F1F1AF9724534B5D008A8274 /* Debug */ = {
			isa = XCBuildConfiguration;
			baseConfigurationReference = 7961D10C026F4D4AB03C1379 /* Pods-KermitSampleMacOS.debug.xcconfig */;
			buildSettings = {
				ASSETCATALOG_COMPILER_APPICON_NAME = AppIcon;
				CODE_SIGN_ENTITLEMENTS = KermitSampleMacOS/KermitSampleMacOS.entitlements;
				CODE_SIGN_STYLE = Automatic;
				COMBINE_HIDPI_IMAGES = YES;
				INFOPLIST_FILE = KermitSampleMacOS/Info.plist;
				LD_RUNPATH_SEARCH_PATHS = (
					"$(inherited)",
					"@executable_path/../Frameworks",
				);
				PRODUCT_BUNDLE_IDENTIFIER = touchlab.KermitSampleMacOS;
				PRODUCT_NAME = "$(TARGET_NAME)";
				SWIFT_VERSION = 5.0;
			};
			name = Debug;
		};
		F1F1AF9824534B5D008A8274 /* Release */ = {
			isa = XCBuildConfiguration;
			baseConfigurationReference = 43D10211DC79CEE35C7E5CE6 /* Pods-KermitSampleMacOS.release.xcconfig */;
			buildSettings = {
				ASSETCATALOG_COMPILER_APPICON_NAME = AppIcon;
				CODE_SIGN_ENTITLEMENTS = KermitSampleMacOS/KermitSampleMacOS.entitlements;
				CODE_SIGN_STYLE = Automatic;
				COMBINE_HIDPI_IMAGES = YES;
				INFOPLIST_FILE = KermitSampleMacOS/Info.plist;
				LD_RUNPATH_SEARCH_PATHS = (
					"$(inherited)",
					"@executable_path/../Frameworks",
				);
				PRODUCT_BUNDLE_IDENTIFIER = touchlab.KermitSampleMacOS;
				PRODUCT_NAME = "$(TARGET_NAME)";
				SWIFT_VERSION = 5.0;
			};
			name = Release;
		};
		F1F1AF9A24534B5D008A8274 /* Debug */ = {
			isa = XCBuildConfiguration;
			buildSettings = {
				ALWAYS_EMBED_SWIFT_STANDARD_LIBRARIES = YES;
				BUNDLE_LOADER = "$(TEST_HOST)";
				CODE_SIGN_STYLE = Automatic;
				COMBINE_HIDPI_IMAGES = YES;
				INFOPLIST_FILE = KermitSampleMacOSTests/Info.plist;
				LD_RUNPATH_SEARCH_PATHS = (
					"$(inherited)",
					"@executable_path/../Frameworks",
					"@loader_path/../Frameworks",
				);
				MACOSX_DEPLOYMENT_TARGET = 10.15;
				PRODUCT_BUNDLE_IDENTIFIER = touchlab.KermitSampleMacOSTests;
				PRODUCT_NAME = "$(TARGET_NAME)";
				SWIFT_VERSION = 5.0;
				TEST_HOST = "$(BUILT_PRODUCTS_DIR)/KermitSampleMacOS.app/Contents/MacOS/KermitSampleMacOS";
			};
			name = Debug;
		};
		F1F1AF9B24534B5D008A8274 /* Release */ = {
			isa = XCBuildConfiguration;
			buildSettings = {
				ALWAYS_EMBED_SWIFT_STANDARD_LIBRARIES = YES;
				BUNDLE_LOADER = "$(TEST_HOST)";
				CODE_SIGN_STYLE = Automatic;
				COMBINE_HIDPI_IMAGES = YES;
				INFOPLIST_FILE = KermitSampleMacOSTests/Info.plist;
				LD_RUNPATH_SEARCH_PATHS = (
					"$(inherited)",
					"@executable_path/../Frameworks",
					"@loader_path/../Frameworks",
				);
				MACOSX_DEPLOYMENT_TARGET = 10.15;
				PRODUCT_BUNDLE_IDENTIFIER = touchlab.KermitSampleMacOSTests;
				PRODUCT_NAME = "$(TARGET_NAME)";
				SWIFT_VERSION = 5.0;
				TEST_HOST = "$(BUILT_PRODUCTS_DIR)/KermitSampleMacOS.app/Contents/MacOS/KermitSampleMacOS";
			};
			name = Release;
		};
		F1F1AF9D24534B5D008A8274 /* Debug */ = {
			isa = XCBuildConfiguration;
			buildSettings = {
				ALWAYS_EMBED_SWIFT_STANDARD_LIBRARIES = YES;
				CODE_SIGN_STYLE = Automatic;
				COMBINE_HIDPI_IMAGES = YES;
				INFOPLIST_FILE = KermitSampleMacOSUITests/Info.plist;
				LD_RUNPATH_SEARCH_PATHS = (
					"$(inherited)",
					"@executable_path/../Frameworks",
					"@loader_path/../Frameworks",
				);
				PRODUCT_BUNDLE_IDENTIFIER = touchlab.KermitSampleMacOSUITests;
				PRODUCT_NAME = "$(TARGET_NAME)";
				SWIFT_VERSION = 5.0;
				TEST_TARGET_NAME = KermitSampleMacOS;
			};
			name = Debug;
		};
		F1F1AF9E24534B5D008A8274 /* Release */ = {
			isa = XCBuildConfiguration;
			buildSettings = {
				ALWAYS_EMBED_SWIFT_STANDARD_LIBRARIES = YES;
				CODE_SIGN_STYLE = Automatic;
				COMBINE_HIDPI_IMAGES = YES;
				INFOPLIST_FILE = KermitSampleMacOSUITests/Info.plist;
				LD_RUNPATH_SEARCH_PATHS = (
					"$(inherited)",
					"@executable_path/../Frameworks",
					"@loader_path/../Frameworks",
				);
				PRODUCT_BUNDLE_IDENTIFIER = touchlab.KermitSampleMacOSUITests;
				PRODUCT_NAME = "$(TARGET_NAME)";
				SWIFT_VERSION = 5.0;
				TEST_TARGET_NAME = KermitSampleMacOS;
			};
			name = Release;
		};
/* End XCBuildConfiguration section */

/* Begin XCConfigurationList section */
		F1F1AF6B24534B59008A8274 /* Build configuration list for PBXProject "KermitSampleMacOS" */ = {
			isa = XCConfigurationList;
			buildConfigurations = (
				F1F1AF9424534B5D008A8274 /* Debug */,
				F1F1AF9524534B5D008A8274 /* Release */,
			);
			defaultConfigurationIsVisible = 0;
			defaultConfigurationName = Release;
		};
		F1F1AF9624534B5D008A8274 /* Build configuration list for PBXNativeTarget "KermitSampleMacOS" */ = {
			isa = XCConfigurationList;
			buildConfigurations = (
				F1F1AF9724534B5D008A8274 /* Debug */,
				F1F1AF9824534B5D008A8274 /* Release */,
			);
			defaultConfigurationIsVisible = 0;
			defaultConfigurationName = Release;
		};
		F1F1AF9924534B5D008A8274 /* Build configuration list for PBXNativeTarget "KermitSampleMacOSTests" */ = {
			isa = XCConfigurationList;
			buildConfigurations = (
				F1F1AF9A24534B5D008A8274 /* Debug */,
				F1F1AF9B24534B5D008A8274 /* Release */,
			);
			defaultConfigurationIsVisible = 0;
			defaultConfigurationName = Release;
		};
		F1F1AF9C24534B5D008A8274 /* Build configuration list for PBXNativeTarget "KermitSampleMacOSUITests" */ = {
			isa = XCConfigurationList;
			buildConfigurations = (
				F1F1AF9D24534B5D008A8274 /* Debug */,
				F1F1AF9E24534B5D008A8274 /* Release */,
			);
			defaultConfigurationIsVisible = 0;
			defaultConfigurationName = Release;
		};
/* End XCConfigurationList section */
	};
	rootObject = F1F1AF6824534B59008A8274 /* Project object */;
}
